// !$*UTF8*$!
{
	archiveVersion = 1;
	classes = {
	};
	objectVersion = 52;
	objects = {

/* Begin PBXBuildFile section */
		D96A715526EEEF6500E4FB29 /* AppDelegate.swift in Sources */ = {isa = PBXBuildFile; fileRef = D96A715426EEEF6500E4FB29 /* AppDelegate.swift */; };
		D96A715726EEEF6500E4FB29 /* SceneDelegate.swift in Sources */ = {isa = PBXBuildFile; fileRef = D96A715626EEEF6500E4FB29 /* SceneDelegate.swift */; };
		D96A715E26EEEF6800E4FB29 /* Assets.xcassets in Resources */ = {isa = PBXBuildFile; fileRef = D96A715D26EEEF6800E4FB29 /* Assets.xcassets */; };
		D96A716126EEEF6800E4FB29 /* LaunchScreen.storyboard in Resources */ = {isa = PBXBuildFile; fileRef = D96A715F26EEEF6800E4FB29 /* LaunchScreen.storyboard */; };
		D9DFBC3A26EEF17D00636B3D /* UserRouter.swift in Sources */ = {isa = PBXBuildFile; fileRef = D9DFBC3526EEF17D00636B3D /* UserRouter.swift */; };
		D9DFBC3B26EEF17D00636B3D /* UserModule.swift in Sources */ = {isa = PBXBuildFile; fileRef = D9DFBC3626EEF17D00636B3D /* UserModule.swift */; };
		D9DFBC3C26EEF17D00636B3D /* UserView.swift in Sources */ = {isa = PBXBuildFile; fileRef = D9DFBC3726EEF17D00636B3D /* UserView.swift */; };
		D9DFBC3D26EEF17D00636B3D /* UserInteractor.swift in Sources */ = {isa = PBXBuildFile; fileRef = D9DFBC3826EEF17D00636B3D /* UserInteractor.swift */; };
		D9DFBC3E26EEF17D00636B3D /* UserPresenter.swift in Sources */ = {isa = PBXBuildFile; fileRef = D9DFBC3926EEF17D00636B3D /* UserPresenter.swift */; };
		D9DFBC4126EEF20700636B3D /* VIPER in Frameworks */ = {isa = PBXBuildFile; productRef = D9DFBC4026EEF20700636B3D /* VIPER */; };
		D9DFBC4826EEF2CD00636B3D /* MainInteractor.swift in Sources */ = {isa = PBXBuildFile; fileRef = D9DFBC4326EEF2CD00636B3D /* MainInteractor.swift */; };
		D9DFBC4926EEF2CD00636B3D /* MainPresenter.swift in Sources */ = {isa = PBXBuildFile; fileRef = D9DFBC4426EEF2CD00636B3D /* MainPresenter.swift */; };
		D9DFBC4A26EEF2CD00636B3D /* MainRouter.swift in Sources */ = {isa = PBXBuildFile; fileRef = D9DFBC4526EEF2CD00636B3D /* MainRouter.swift */; };
		D9DFBC4B26EEF2CD00636B3D /* MainView.swift in Sources */ = {isa = PBXBuildFile; fileRef = D9DFBC4626EEF2CD00636B3D /* MainView.swift */; };
		D9DFBC4C26EEF2CD00636B3D /* MainModule.swift in Sources */ = {isa = PBXBuildFile; fileRef = D9DFBC4726EEF2CD00636B3D /* MainModule.swift */; };
		D9DFBC4E26EEF47B00636B3D /* Main.storyboard in Resources */ = {isa = PBXBuildFile; fileRef = D9DFBC4D26EEF47B00636B3D /* Main.storyboard */; };
		D9DFBC5126EEFD3300636B3D /* UIView+Tools.swift in Sources */ = {isa = PBXBuildFile; fileRef = D9DFBC5026EEFD3300636B3D /* UIView+Tools.swift */; };
		D9DFBC5326EEFF5B00636B3D /* Optional+Collection.swift in Sources */ = {isa = PBXBuildFile; fileRef = D9DFBC5226EEFF5B00636B3D /* Optional+Collection.swift */; };
		D9DFBC5626EF053C00636B3D /* Alamofire in Frameworks */ = {isa = PBXBuildFile; productRef = D9DFBC5526EF053C00636B3D /* Alamofire */; };
		D9DFBC5926EF068C00636B3D /* UserEntity.swift in Sources */ = {isa = PBXBuildFile; fileRef = D9DFBC5826EF068C00636B3D /* UserEntity.swift */; };
		D9DFBC6026EF2E3300636B3D /* UserDetailRouter.swift in Sources */ = {isa = PBXBuildFile; fileRef = D9DFBC5B26EF2E3200636B3D /* UserDetailRouter.swift */; };
		D9DFBC6126EF2E3300636B3D /* UserDetailView.swift in Sources */ = {isa = PBXBuildFile; fileRef = D9DFBC5C26EF2E3200636B3D /* UserDetailView.swift */; };
		D9DFBC6226EF2E3300636B3D /* UserDetailPresenter.swift in Sources */ = {isa = PBXBuildFile; fileRef = D9DFBC5D26EF2E3200636B3D /* UserDetailPresenter.swift */; };
		D9DFBC6326EF2E3300636B3D /* UserDetailModule.swift in Sources */ = {isa = PBXBuildFile; fileRef = D9DFBC5E26EF2E3200636B3D /* UserDetailModule.swift */; };
		D9DFBC6426EF2E3300636B3D /* UserDetailInteractor.swift in Sources */ = {isa = PBXBuildFile; fileRef = D9DFBC5F26EF2E3200636B3D /* UserDetailInteractor.swift */; };
		D9DFBC6726EF31ED00636B3D /* AlamofireImage in Frameworks */ = {isa = PBXBuildFile; productRef = D9DFBC6626EF31ED00636B3D /* AlamofireImage */; };
		D9DFBC6926EF341D00636B3D /* UIStoryboard+Tools.swift in Sources */ = {isa = PBXBuildFile; fileRef = D9DFBC6826EF341D00636B3D /* UIStoryboard+Tools.swift */; };
		D9DFBC6B26EF3CA500636B3D /* Alertable.swift in Sources */ = {isa = PBXBuildFile; fileRef = D9DFBC6A26EF3CA500636B3D /* Alertable.swift */; };
/* End PBXBuildFile section */

/* Begin PBXFileReference section */
		D96A715126EEEF6500E4FB29 /* RandomUser.app */ = {isa = PBXFileReference; explicitFileType = wrapper.application; includeInIndex = 0; path = RandomUser.app; sourceTree = BUILT_PRODUCTS_DIR; };
		D96A715426EEEF6500E4FB29 /* AppDelegate.swift */ = {isa = PBXFileReference; lastKnownFileType = sourcecode.swift; path = AppDelegate.swift; sourceTree = "<group>"; };
		D96A715626EEEF6500E4FB29 /* SceneDelegate.swift */ = {isa = PBXFileReference; lastKnownFileType = sourcecode.swift; path = SceneDelegate.swift; sourceTree = "<group>"; };
		D96A715D26EEEF6800E4FB29 /* Assets.xcassets */ = {isa = PBXFileReference; lastKnownFileType = folder.assetcatalog; path = Assets.xcassets; sourceTree = "<group>"; };
		D96A716026EEEF6800E4FB29 /* Base */ = {isa = PBXFileReference; lastKnownFileType = file.storyboard; name = Base; path = Base.lproj/LaunchScreen.storyboard; sourceTree = "<group>"; };
		D96A716226EEEF6800E4FB29 /* Info.plist */ = {isa = PBXFileReference; lastKnownFileType = text.plist.xml; path = Info.plist; sourceTree = "<group>"; };
		D9DFBC3526EEF17D00636B3D /* UserRouter.swift */ = {isa = PBXFileReference; fileEncoding = 4; lastKnownFileType = sourcecode.swift; path = UserRouter.swift; sourceTree = "<group>"; };
		D9DFBC3626EEF17D00636B3D /* UserModule.swift */ = {isa = PBXFileReference; fileEncoding = 4; lastKnownFileType = sourcecode.swift; path = UserModule.swift; sourceTree = "<group>"; };
		D9DFBC3726EEF17D00636B3D /* UserView.swift */ = {isa = PBXFileReference; fileEncoding = 4; lastKnownFileType = sourcecode.swift; path = UserView.swift; sourceTree = "<group>"; };
		D9DFBC3826EEF17D00636B3D /* UserInteractor.swift */ = {isa = PBXFileReference; fileEncoding = 4; lastKnownFileType = sourcecode.swift; path = UserInteractor.swift; sourceTree = "<group>"; };
		D9DFBC3926EEF17D00636B3D /* UserPresenter.swift */ = {isa = PBXFileReference; fileEncoding = 4; lastKnownFileType = sourcecode.swift; path = UserPresenter.swift; sourceTree = "<group>"; };
		D9DFBC4326EEF2CD00636B3D /* MainInteractor.swift */ = {isa = PBXFileReference; fileEncoding = 4; lastKnownFileType = sourcecode.swift; path = MainInteractor.swift; sourceTree = "<group>"; };
		D9DFBC4426EEF2CD00636B3D /* MainPresenter.swift */ = {isa = PBXFileReference; fileEncoding = 4; lastKnownFileType = sourcecode.swift; path = MainPresenter.swift; sourceTree = "<group>"; };
		D9DFBC4526EEF2CD00636B3D /* MainRouter.swift */ = {isa = PBXFileReference; fileEncoding = 4; lastKnownFileType = sourcecode.swift; path = MainRouter.swift; sourceTree = "<group>"; };
		D9DFBC4626EEF2CD00636B3D /* MainView.swift */ = {isa = PBXFileReference; fileEncoding = 4; lastKnownFileType = sourcecode.swift; path = MainView.swift; sourceTree = "<group>"; };
		D9DFBC4726EEF2CD00636B3D /* MainModule.swift */ = {isa = PBXFileReference; fileEncoding = 4; lastKnownFileType = sourcecode.swift; path = MainModule.swift; sourceTree = "<group>"; };
		D9DFBC4D26EEF47B00636B3D /* Main.storyboard */ = {isa = PBXFileReference; lastKnownFileType = file.storyboard; path = Main.storyboard; sourceTree = "<group>"; };
		D9DFBC5026EEFD3300636B3D /* UIView+Tools.swift */ = {isa = PBXFileReference; lastKnownFileType = sourcecode.swift; path = "UIView+Tools.swift"; sourceTree = "<group>"; };
		D9DFBC5226EEFF5B00636B3D /* Optional+Collection.swift */ = {isa = PBXFileReference; lastKnownFileType = sourcecode.swift; path = "Optional+Collection.swift"; sourceTree = "<group>"; };
		D9DFBC5826EF068C00636B3D /* UserEntity.swift */ = {isa = PBXFileReference; lastKnownFileType = sourcecode.swift; path = UserEntity.swift; sourceTree = "<group>"; };
		D9DFBC5B26EF2E3200636B3D /* UserDetailRouter.swift */ = {isa = PBXFileReference; fileEncoding = 4; lastKnownFileType = sourcecode.swift; path = UserDetailRouter.swift; sourceTree = "<group>"; };
		D9DFBC5C26EF2E3200636B3D /* UserDetailView.swift */ = {isa = PBXFileReference; fileEncoding = 4; lastKnownFileType = sourcecode.swift; path = UserDetailView.swift; sourceTree = "<group>"; };
		D9DFBC5D26EF2E3200636B3D /* UserDetailPresenter.swift */ = {isa = PBXFileReference; fileEncoding = 4; lastKnownFileType = sourcecode.swift; path = UserDetailPresenter.swift; sourceTree = "<group>"; };
		D9DFBC5E26EF2E3200636B3D /* UserDetailModule.swift */ = {isa = PBXFileReference; fileEncoding = 4; lastKnownFileType = sourcecode.swift; path = UserDetailModule.swift; sourceTree = "<group>"; };
		D9DFBC5F26EF2E3200636B3D /* UserDetailInteractor.swift */ = {isa = PBXFileReference; fileEncoding = 4; lastKnownFileType = sourcecode.swift; path = UserDetailInteractor.swift; sourceTree = "<group>"; };
		D9DFBC6826EF341D00636B3D /* UIStoryboard+Tools.swift */ = {isa = PBXFileReference; lastKnownFileType = sourcecode.swift; path = "UIStoryboard+Tools.swift"; sourceTree = "<group>"; };
		D9DFBC6A26EF3CA500636B3D /* Alertable.swift */ = {isa = PBXFileReference; lastKnownFileType = sourcecode.swift; path = Alertable.swift; sourceTree = "<group>"; };
/* End PBXFileReference section */

/* Begin PBXFrameworksBuildPhase section */
		D96A714E26EEEF6500E4FB29 /* Frameworks */ = {
			isa = PBXFrameworksBuildPhase;
			buildActionMask = 2147483647;
			files = (
				D9DFBC4126EEF20700636B3D /* VIPER in Frameworks */,
				D9DFBC5626EF053C00636B3D /* Alamofire in Frameworks */,
				D9DFBC6726EF31ED00636B3D /* AlamofireImage in Frameworks */,
			);
			runOnlyForDeploymentPostprocessing = 0;
		};
/* End PBXFrameworksBuildPhase section */

/* Begin PBXGroup section */
		D96A714826EEEF6500E4FB29 = {
			isa = PBXGroup;
			children = (
				D96A715326EEEF6500E4FB29 /* RandomUser */,
				D96A715226EEEF6500E4FB29 /* Products */,
			);
			sourceTree = "<group>";
		};
		D96A715226EEEF6500E4FB29 /* Products */ = {
			isa = PBXGroup;
			children = (
				D96A715126EEEF6500E4FB29 /* RandomUser.app */,
			);
			name = Products;
			sourceTree = "<group>";
		};
		D96A715326EEEF6500E4FB29 /* RandomUser */ = {
			isa = PBXGroup;
			children = (
				D9DFBC4F26EEFD1700636B3D /* Utility */,
				D9DFBC4226EEF2CD00636B3D /* Main */,
				D9DFBC3426EEF17D00636B3D /* User */,
				D9DFBC5A26EF2E3200636B3D /* UserDetail */,
				D96A715426EEEF6500E4FB29 /* AppDelegate.swift */,
				D96A715626EEEF6500E4FB29 /* SceneDelegate.swift */,
				D96A715D26EEEF6800E4FB29 /* Assets.xcassets */,
				D9DFBC4D26EEF47B00636B3D /* Main.storyboard */,
				D96A715F26EEEF6800E4FB29 /* LaunchScreen.storyboard */,
				D96A716226EEEF6800E4FB29 /* Info.plist */,
			);
			path = RandomUser;
			sourceTree = "<group>";
		};
		D9DFBC3426EEF17D00636B3D /* User */ = {
			isa = PBXGroup;
			children = (
				D9DFBC3626EEF17D00636B3D /* UserModule.swift */,
				D9DFBC5826EF068C00636B3D /* UserEntity.swift */,
				D9DFBC3526EEF17D00636B3D /* UserRouter.swift */,
				D9DFBC3726EEF17D00636B3D /* UserView.swift */,
				D9DFBC3826EEF17D00636B3D /* UserInteractor.swift */,
				D9DFBC3926EEF17D00636B3D /* UserPresenter.swift */,
			);
			path = User;
			sourceTree = SOURCE_ROOT;
		};
		D9DFBC4226EEF2CD00636B3D /* Main */ = {
			isa = PBXGroup;
			children = (
				D9DFBC4726EEF2CD00636B3D /* MainModule.swift */,
				D9DFBC4326EEF2CD00636B3D /* MainInteractor.swift */,
				D9DFBC4426EEF2CD00636B3D /* MainPresenter.swift */,
				D9DFBC4526EEF2CD00636B3D /* MainRouter.swift */,
				D9DFBC4626EEF2CD00636B3D /* MainView.swift */,
			);
			path = Main;
			sourceTree = SOURCE_ROOT;
		};
		D9DFBC4F26EEFD1700636B3D /* Utility */ = {
			isa = PBXGroup;
			children = (
				D9DFBC5026EEFD3300636B3D /* UIView+Tools.swift */,
				D9DFBC5226EEFF5B00636B3D /* Optional+Collection.swift */,
				D9DFBC6826EF341D00636B3D /* UIStoryboard+Tools.swift */,
				D9DFBC6A26EF3CA500636B3D /* Alertable.swift */,
			);
			path = Utility;
			sourceTree = "<group>";
		};
		D9DFBC5A26EF2E3200636B3D /* UserDetail */ = {
			isa = PBXGroup;
			children = (
				D9DFBC5E26EF2E3200636B3D /* UserDetailModule.swift */,
				D9DFBC5B26EF2E3200636B3D /* UserDetailRouter.swift */,
				D9DFBC5C26EF2E3200636B3D /* UserDetailView.swift */,
				D9DFBC5F26EF2E3200636B3D /* UserDetailInteractor.swift */,
				D9DFBC5D26EF2E3200636B3D /* UserDetailPresenter.swift */,
			);
			path = UserDetail;
			sourceTree = SOURCE_ROOT;
		};
/* End PBXGroup section */

/* Begin PBXNativeTarget section */
		D96A715026EEEF6500E4FB29 /* RandomUser */ = {
			isa = PBXNativeTarget;
			buildConfigurationList = D96A716526EEEF6800E4FB29 /* Build configuration list for PBXNativeTarget "RandomUser" */;
			buildPhases = (
				D96A714D26EEEF6500E4FB29 /* Sources */,
				D96A714E26EEEF6500E4FB29 /* Frameworks */,
				D96A714F26EEEF6500E4FB29 /* Resources */,
			);
			buildRules = (
			);
			dependencies = (
			);
			name = RandomUser;
			packageProductDependencies = (
				D9DFBC4026EEF20700636B3D /* VIPER */,
				D9DFBC5526EF053C00636B3D /* Alamofire */,
				D9DFBC6626EF31ED00636B3D /* AlamofireImage */,
			);
			productName = RandomUser;
			productReference = D96A715126EEEF6500E4FB29 /* RandomUser.app */;
			productType = "com.apple.product-type.application";
		};
/* End PBXNativeTarget section */

/* Begin PBXProject section */
		D96A714926EEEF6500E4FB29 /* Project object */ = {
			isa = PBXProject;
			attributes = {
				LastSwiftUpdateCheck = 1250;
				LastUpgradeCheck = 1250;
				TargetAttributes = {
					D96A715026EEEF6500E4FB29 = {
						CreatedOnToolsVersion = 12.5.1;
					};
				};
			};
			buildConfigurationList = D96A714C26EEEF6500E4FB29 /* Build configuration list for PBXProject "RandomUser" */;
			compatibilityVersion = "Xcode 9.3";
			developmentRegion = en;
			hasScannedForEncodings = 0;
			knownRegions = (
				en,
				Base,
			);
			mainGroup = D96A714826EEEF6500E4FB29;
			packageReferences = (
				D9DFBC3F26EEF20700636B3D /* XCRemoteSwiftPackageReference "VIPER" */,
				D9DFBC5426EF053C00636B3D /* XCRemoteSwiftPackageReference "Alamofire" */,
				D9DFBC6526EF31ED00636B3D /* XCRemoteSwiftPackageReference "AlamofireImage" */,
			);
			productRefGroup = D96A715226EEEF6500E4FB29 /* Products */;
			projectDirPath = "";
			projectRoot = "";
			targets = (
				D96A715026EEEF6500E4FB29 /* RandomUser */,
			);
		};
/* End PBXProject section */

/* Begin PBXResourcesBuildPhase section */
		D96A714F26EEEF6500E4FB29 /* Resources */ = {
			isa = PBXResourcesBuildPhase;
			buildActionMask = 2147483647;
			files = (
				D9DFBC4E26EEF47B00636B3D /* Main.storyboard in Resources */,
				D96A716126EEEF6800E4FB29 /* LaunchScreen.storyboard in Resources */,
				D96A715E26EEEF6800E4FB29 /* Assets.xcassets in Resources */,
			);
			runOnlyForDeploymentPostprocessing = 0;
		};
/* End PBXResourcesBuildPhase section */

/* Begin PBXSourcesBuildPhase section */
		D96A714D26EEEF6500E4FB29 /* Sources */ = {
			isa = PBXSourcesBuildPhase;
			buildActionMask = 2147483647;
			files = (
				D9DFBC4B26EEF2CD00636B3D /* MainView.swift in Sources */,
				D9DFBC3D26EEF17D00636B3D /* UserInteractor.swift in Sources */,
				D9DFBC3C26EEF17D00636B3D /* UserView.swift in Sources */,
				D9DFBC5326EEFF5B00636B3D /* Optional+Collection.swift in Sources */,
				D9DFBC6126EF2E3300636B3D /* UserDetailView.swift in Sources */,
				D9DFBC6026EF2E3300636B3D /* UserDetailRouter.swift in Sources */,
				D9DFBC6226EF2E3300636B3D /* UserDetailPresenter.swift in Sources */,
				D96A715526EEEF6500E4FB29 /* AppDelegate.swift in Sources */,
				D9DFBC6B26EF3CA500636B3D /* Alertable.swift in Sources */,
				D9DFBC3B26EEF17D00636B3D /* UserModule.swift in Sources */,
				D9DFBC4926EEF2CD00636B3D /* MainPresenter.swift in Sources */,
				D9DFBC4826EEF2CD00636B3D /* MainInteractor.swift in Sources */,
				D9DFBC5926EF068C00636B3D /* UserEntity.swift in Sources */,
				D9DFBC6926EF341D00636B3D /* UIStoryboard+Tools.swift in Sources */,
				D9DFBC3E26EEF17D00636B3D /* UserPresenter.swift in Sources */,
				D96A715726EEEF6500E4FB29 /* SceneDelegate.swift in Sources */,
				D9DFBC6426EF2E3300636B3D /* UserDetailInteractor.swift in Sources */,
				D9DFBC4A26EEF2CD00636B3D /* MainRouter.swift in Sources */,
				D9DFBC5126EEFD3300636B3D /* UIView+Tools.swift in Sources */,
				D9DFBC3A26EEF17D00636B3D /* UserRouter.swift in Sources */,
				D9DFBC4C26EEF2CD00636B3D /* MainModule.swift in Sources */,
				D9DFBC6326EF2E3300636B3D /* UserDetailModule.swift in Sources */,
			);
			runOnlyForDeploymentPostprocessing = 0;
		};
/* End PBXSourcesBuildPhase section */

/* Begin PBXVariantGroup section */
		D96A715F26EEEF6800E4FB29 /* LaunchScreen.storyboard */ = {
			isa = PBXVariantGroup;
			children = (
				D96A716026EEEF6800E4FB29 /* Base */,
			);
			name = LaunchScreen.storyboard;
			sourceTree = "<group>";
		};
/* End PBXVariantGroup section */

/* Begin XCBuildConfiguration section */
		D96A716326EEEF6800E4FB29 /* Debug */ = {
			isa = XCBuildConfiguration;
			buildSettings = {
				ALWAYS_SEARCH_USER_PATHS = NO;
				CLANG_ANALYZER_NONNULL = YES;
				CLANG_ANALYZER_NUMBER_OBJECT_CONVERSION = YES_AGGRESSIVE;
				CLANG_CXX_LANGUAGE_STANDARD = "gnu++14";
				CLANG_CXX_LIBRARY = "libc++";
				CLANG_ENABLE_MODULES = YES;
				CLANG_ENABLE_OBJC_ARC = YES;
				CLANG_ENABLE_OBJC_WEAK = YES;
				CLANG_WARN_BLOCK_CAPTURE_AUTORELEASING = YES;
				CLANG_WARN_BOOL_CONVERSION = YES;
				CLANG_WARN_COMMA = YES;
				CLANG_WARN_CONSTANT_CONVERSION = YES;
				CLANG_WARN_DEPRECATED_OBJC_IMPLEMENTATIONS = YES;
				CLANG_WARN_DIRECT_OBJC_ISA_USAGE = YES_ERROR;
				CLANG_WARN_DOCUMENTATION_COMMENTS = YES;
				CLANG_WARN_EMPTY_BODY = YES;
				CLANG_WARN_ENUM_CONVERSION = YES;
				CLANG_WARN_INFINITE_RECURSION = YES;
				CLANG_WARN_INT_CONVERSION = YES;
				CLANG_WARN_NON_LITERAL_NULL_CONVERSION = YES;
				CLANG_WARN_OBJC_IMPLICIT_RETAIN_SELF = YES;
				CLANG_WARN_OBJC_LITERAL_CONVERSION = YES;
				CLANG_WARN_OBJC_ROOT_CLASS = YES_ERROR;
				CLANG_WARN_QUOTED_INCLUDE_IN_FRAMEWORK_HEADER = YES;
				CLANG_WARN_RANGE_LOOP_ANALYSIS = YES;
				CLANG_WARN_STRICT_PROTOTYPES = YES;
				CLANG_WARN_SUSPICIOUS_MOVE = YES;
				CLANG_WARN_UNGUARDED_AVAILABILITY = YES_AGGRESSIVE;
				CLANG_WARN_UNREACHABLE_CODE = YES;
				CLANG_WARN__DUPLICATE_METHOD_MATCH = YES;
				COPY_PHASE_STRIP = NO;
				DEBUG_INFORMATION_FORMAT = dwarf;
				ENABLE_STRICT_OBJC_MSGSEND = YES;
				ENABLE_TESTABILITY = YES;
				GCC_C_LANGUAGE_STANDARD = gnu11;
				GCC_DYNAMIC_NO_PIC = NO;
				GCC_NO_COMMON_BLOCKS = YES;
				GCC_OPTIMIZATION_LEVEL = 0;
				GCC_PREPROCESSOR_DEFINITIONS = (
					"DEBUG=1",
					"$(inherited)",
				);
				GCC_WARN_64_TO_32_BIT_CONVERSION = YES;
				GCC_WARN_ABOUT_RETURN_TYPE = YES_ERROR;
				GCC_WARN_UNDECLARED_SELECTOR = YES;
				GCC_WARN_UNINITIALIZED_AUTOS = YES_AGGRESSIVE;
				GCC_WARN_UNUSED_FUNCTION = YES;
				GCC_WARN_UNUSED_VARIABLE = YES;
				IPHONEOS_DEPLOYMENT_TARGET = 14.5;
				MTL_ENABLE_DEBUG_INFO = INCLUDE_SOURCE;
				MTL_FAST_MATH = YES;
				ONLY_ACTIVE_ARCH = YES;
				SDKROOT = iphoneos;
				SWIFT_ACTIVE_COMPILATION_CONDITIONS = DEBUG;
				SWIFT_OPTIMIZATION_LEVEL = "-Onone";
			};
			name = Debug;
		};
		D96A716426EEEF6800E4FB29 /* Release */ = {
			isa = XCBuildConfiguration;
			buildSettings = {
				ALWAYS_SEARCH_USER_PATHS = NO;
				CLANG_ANALYZER_NONNULL = YES;
				CLANG_ANALYZER_NUMBER_OBJECT_CONVERSION = YES_AGGRESSIVE;
				CLANG_CXX_LANGUAGE_STANDARD = "gnu++14";
				CLANG_CXX_LIBRARY = "libc++";
				CLANG_ENABLE_MODULES = YES;
				CLANG_ENABLE_OBJC_ARC = YES;
				CLANG_ENABLE_OBJC_WEAK = YES;
				CLANG_WARN_BLOCK_CAPTURE_AUTORELEASING = YES;
				CLANG_WARN_BOOL_CONVERSION = YES;
				CLANG_WARN_COMMA = YES;
				CLANG_WARN_CONSTANT_CONVERSION = YES;
				CLANG_WARN_DEPRECATED_OBJC_IMPLEMENTATIONS = YES;
				CLANG_WARN_DIRECT_OBJC_ISA_USAGE = YES_ERROR;
				CLANG_WARN_DOCUMENTATION_COMMENTS = YES;
				CLANG_WARN_EMPTY_BODY = YES;
				CLANG_WARN_ENUM_CONVERSION = YES;
				CLANG_WARN_INFINITE_RECURSION = YES;
				CLANG_WARN_INT_CONVERSION = YES;
				CLANG_WARN_NON_LITERAL_NULL_CONVERSION = YES;
				CLANG_WARN_OBJC_IMPLICIT_RETAIN_SELF = YES;
				CLANG_WARN_OBJC_LITERAL_CONVERSION = YES;
				CLANG_WARN_OBJC_ROOT_CLASS = YES_ERROR;
				CLANG_WARN_QUOTED_INCLUDE_IN_FRAMEWORK_HEADER = YES;
				CLANG_WARN_RANGE_LOOP_ANALYSIS = YES;
				CLANG_WARN_STRICT_PROTOTYPES = YES;
				CLANG_WARN_SUSPICIOUS_MOVE = YES;
				CLANG_WARN_UNGUARDED_AVAILABILITY = YES_AGGRESSIVE;
				CLANG_WARN_UNREACHABLE_CODE = YES;
				CLANG_WARN__DUPLICATE_METHOD_MATCH = YES;
				COPY_PHASE_STRIP = NO;
				DEBUG_INFORMATION_FORMAT = "dwarf-with-dsym";
				ENABLE_NS_ASSERTIONS = NO;
				ENABLE_STRICT_OBJC_MSGSEND = YES;
				GCC_C_LANGUAGE_STANDARD = gnu11;
				GCC_NO_COMMON_BLOCKS = YES;
				GCC_WARN_64_TO_32_BIT_CONVERSION = YES;
				GCC_WARN_ABOUT_RETURN_TYPE = YES_ERROR;
				GCC_WARN_UNDECLARED_SELECTOR = YES;
				GCC_WARN_UNINITIALIZED_AUTOS = YES_AGGRESSIVE;
				GCC_WARN_UNUSED_FUNCTION = YES;
				GCC_WARN_UNUSED_VARIABLE = YES;
				IPHONEOS_DEPLOYMENT_TARGET = 14.5;
				MTL_ENABLE_DEBUG_INFO = NO;
				MTL_FAST_MATH = YES;
				SDKROOT = iphoneos;
				SWIFT_COMPILATION_MODE = wholemodule;
				SWIFT_OPTIMIZATION_LEVEL = "-O";
				VALIDATE_PRODUCT = YES;
			};
			name = Release;
		};
		D96A716626EEEF6800E4FB29 /* Debug */ = {
			isa = XCBuildConfiguration;
			buildSettings = {
				ASSETCATALOG_COMPILER_APPICON_NAME = AppIcon;
				ASSETCATALOG_COMPILER_GLOBAL_ACCENT_COLOR_NAME = AccentColor;
				CODE_SIGN_STYLE = Automatic;
				DEVELOPMENT_TEAM = W76S6EH73C;
				INFOPLIST_FILE = RandomUser/Info.plist;
				LD_RUNPATH_SEARCH_PATHS = (
					"$(inherited)",
					"@executable_path/Frameworks",
				);
				PRODUCT_BUNDLE_IDENTIFIER = com.strongfortress.RandomUser;
				PRODUCT_NAME = "$(TARGET_NAME)";
				SWIFT_VERSION = 5.0;
				TARGETED_DEVICE_FAMILY = 1;
			};
			name = Debug;
		};
		D96A716726EEEF6800E4FB29 /* Release */ = {
			isa = XCBuildConfiguration;
			buildSettings = {
				ASSETCATALOG_COMPILER_APPICON_NAME = AppIcon;
				ASSETCATALOG_COMPILER_GLOBAL_ACCENT_COLOR_NAME = AccentColor;
				CODE_SIGN_STYLE = Automatic;
				DEVELOPMENT_TEAM = W76S6EH73C;
				INFOPLIST_FILE = RandomUser/Info.plist;
				LD_RUNPATH_SEARCH_PATHS = (
					"$(inherited)",
					"@executable_path/Frameworks",
				);
				PRODUCT_BUNDLE_IDENTIFIER = com.strongfortress.RandomUser;
				PRODUCT_NAME = "$(TARGET_NAME)";
				SWIFT_VERSION = 5.0;
				TARGETED_DEVICE_FAMILY = 1;
			};
			name = Release;
		};
/* End XCBuildConfiguration section */

/* Begin XCConfigurationList section */
		D96A714C26EEEF6500E4FB29 /* Build configuration list for PBXProject "RandomUser" */ = {
			isa = XCConfigurationList;
			buildConfigurations = (
				D96A716326EEEF6800E4FB29 /* Debug */,
				D96A716426EEEF6800E4FB29 /* Release */,
			);
			defaultConfigurationIsVisible = 0;
			defaultConfigurationName = Release;
		};
		D96A716526EEEF6800E4FB29 /* Build configuration list for PBXNativeTarget "RandomUser" */ = {
			isa = XCConfigurationList;
			buildConfigurations = (
				D96A716626EEEF6800E4FB29 /* Debug */,
				D96A716726EEEF6800E4FB29 /* Release */,
			);
			defaultConfigurationIsVisible = 0;
			defaultConfigurationName = Release;
		};
/* End XCConfigurationList section */

/* Begin XCRemoteSwiftPackageReference section */
		D9DFBC3F26EEF20700636B3D /* XCRemoteSwiftPackageReference "VIPER" */ = {
			isa = XCRemoteSwiftPackageReference;
			repositoryURL = "https://github.com/CoreKit/VIPER";
			requirement = {
				kind = exactVersion;
				version = 3.1.0;
			};
		};
		D9DFBC5426EF053C00636B3D /* XCRemoteSwiftPackageReference "Alamofire" */ = {
			isa = XCRemoteSwiftPackageReference;
			repositoryURL = "https://github.com/Alamofire/Alamofire.git";
			requirement = {
				kind = exactVersion;
				version = 5.4.3;
			};
		};
		D9DFBC6526EF31ED00636B3D /* XCRemoteSwiftPackageReference "AlamofireImage" */ = {
			isa = XCRemoteSwiftPackageReference;
			repositoryURL = "https://github.com/Alamofire/AlamofireImage.git";
			requirement = {
				kind = exactVersion;
				version = 4.2.0;
			};
		};
/* End XCRemoteSwiftPackageReference section */

/* Begin XCSwiftPackageProductDependency section */
		D9DFBC4026EEF20700636B3D /* VIPER */ = {
			isa = XCSwiftPackageProductDependency;
			package = D9DFBC3F26EEF20700636B3D /* XCRemoteSwiftPackageReference "VIPER" */;
			productName = VIPER;
		};
		D9DFBC5526EF053C00636B3D /* Alamofire */ = {
			isa = XCSwiftPackageProductDependency;
			package = D9DFBC5426EF053C00636B3D /* XCRemoteSwiftPackageReference "Alamofire" */;
			productName = Alamofire;
		};
		D9DFBC6626EF31ED00636B3D /* AlamofireImage */ = {
			isa = XCSwiftPackageProductDependency;
			package = D9DFBC6526EF31ED00636B3D /* XCRemoteSwiftPackageReference "AlamofireImage" */;
			productName = AlamofireImage;
		};
/* End XCSwiftPackageProductDependency section */
	};
	rootObject = D96A714926EEEF6500E4FB29 /* Project object */;
}
